
Microsoft Visual Studio Solution File, Format Version 12.00
# Visual Studio Version 17
VisualStudioVersion = 17.9.34622.214
MinimumVisualStudioVersion = 10.0.40219.1
Project("{FAE04EC0-301F-11D3-BF4B-00C04F79EFBC}") = "task1", "task1.csproj", "{6047F009-4052-4602-ABC7-D708224F505B}"
EndProject
Project("{FAE04EC0-301F-11D3-BF4B-00C04F79EFBC}") = "task2", "..\task2\task2.csproj", "{30EC06C4-A234-40D9-B34E-B075B6657853}"
EndProject
Global
	GlobalSection(SolutionConfigurationPlatforms) = preSolution
		Debug|Any CPU = Debug|Any CPU
		Release|Any CPU = Release|Any CPU
	EndGlobalSection
	GlobalSection(ProjectConfigurationPlatforms) = postSolution
		{6047F009-4052-4602-ABC7-D708224F505B}.Debug|Any CPU.ActiveCfg = Debug|Any CPU
		{6047F009-4052-4602-ABC7-D708224F505B}.Debug|Any CPU.Build.0 = Debug|Any CPU
		{6047F009-4052-4602-ABC7-D708224F505B}.Release|Any CPU.ActiveCfg = Release|Any CPU
		{6047F009-4052-4602-ABC7-D708224F505B}.Release|Any CPU.Build.0 = Release|Any CPU
		{30EC06C4-A234-40D9-B34E-B075B6657853}.Debug|Any CPU.ActiveCfg = Debug|Any CPU
		{30EC06C4-A234-40D9-B34E-B075B6657853}.Debug|Any CPU.Build.0 = Debug|Any CPU
		{30EC06C4-A234-40D9-B34E-B075B6657853}.Release|Any CPU.ActiveCfg = Release|Any CPU
		{30EC06C4-A234-40D9-B34E-B075B6657853}.Release|Any CPU.Build.0 = Release|Any CPU
	EndGlobalSection
	GlobalSection(SolutionProperties) = preSolution
		HideSolutionNode = FALSE
	EndGlobalSection
	GlobalSection(ExtensibilityGlobals) = postSolution
		SolutionGuid = {98DF1451-B687-46BD-B690-14A832996B50}
	EndGlobalSection
EndGlobal
