
Microsoft Visual Studio Solution File, Format Version 12.00
# Visual Studio Version 17
VisualStudioVersion = 17.9.34723.18
MinimumVisualStudioVersion = 10.0.40219.1
Project("{9A19103F-16F7-4668-BE54-9A1E7A4F7556}") = "OrderManage", "OrderManage.csproj", "{3F1ABA31-2D2C-46B5-AA79-AEC36EA5DF24}"
EndProject
Project("{FAE04EC0-301F-11D3-BF4B-00C04F79EFBC}") = "ordermanageAPI", "..\ordermanageAPI\ordermanageAPI.csproj", "{4C8AF008-25B6-48AE-B2FE-ED2E4E3D1C5D}"
	ProjectSection(ProjectDependencies) = postProject
		{3F1ABA31-2D2C-46B5-AA79-AEC36EA5DF24} = {3F1ABA31-2D2C-46B5-AA79-AEC36EA5DF24}
	EndProjectSection
EndProject
Global
	GlobalSection(SolutionConfigurationPlatforms) = preSolution
		Debug|Any CPU = Debug|Any CPU
		Release|Any CPU = Release|Any CPU
	EndGlobalSection
	GlobalSection(ProjectConfigurationPlatforms) = postSolution
		{3F1ABA31-2D2C-46B5-AA79-AEC36EA5DF24}.Debug|Any CPU.ActiveCfg = Debug|Any CPU
		{3F1ABA31-2D2C-46B5-AA79-AEC36EA5DF24}.Debug|Any CPU.Build.0 = Debug|Any CPU
		{3F1ABA31-2D2C-46B5-AA79-AEC36EA5DF24}.Release|Any CPU.ActiveCfg = Release|Any CPU
		{3F1ABA31-2D2C-46B5-AA79-AEC36EA5DF24}.Release|Any CPU.Build.0 = Release|Any CPU
		{4C8AF008-25B6-48AE-B2FE-ED2E4E3D1C5D}.Debug|Any CPU.ActiveCfg = Debug|Any CPU
		{4C8AF008-25B6-48AE-B2FE-ED2E4E3D1C5D}.Debug|Any CPU.Build.0 = Debug|Any CPU
		{4C8AF008-25B6-48AE-B2FE-ED2E4E3D1C5D}.Release|Any CPU.ActiveCfg = Release|Any CPU
		{4C8AF008-25B6-48AE-B2FE-ED2E4E3D1C5D}.Release|Any CPU.Build.0 = Release|Any CPU
	EndGlobalSection
	GlobalSection(SolutionProperties) = preSolution
		HideSolutionNode = FALSE
	EndGlobalSection
	GlobalSection(ExtensibilityGlobals) = postSolution
		SolutionGuid = {4EF81156-A0DE-4018-BDCA-A7EEEAB57332}
	EndGlobalSection
EndGlobal
